// !$*UTF8*$!
{
	archiveVersion = 1;
	classes = {
	};
	objectVersion = 56;
	objects = {

/* Begin PBXBuildFile section */
		823DC06229F143070018C5CD /* EntryHistoryViewModelTests.swift in Sources */ = {isa = PBXBuildFile; fileRef = 823DC06129F143070018C5CD /* EntryHistoryViewModelTests.swift */; };
		823DC06429F144070018C5CD /* EntryHistoryViewModel.swift in Sources */ = {isa = PBXBuildFile; fileRef = 823DC06329F144070018C5CD /* EntryHistoryViewModel.swift */; };
		823DC06629F144590018C5CD /* EntryHistoryView.swift in Sources */ = {isa = PBXBuildFile; fileRef = 823DC06529F144590018C5CD /* EntryHistoryView.swift */; };
		823DC06829F144850018C5CD /* EntryDetailView.swift in Sources */ = {isa = PBXBuildFile; fileRef = 823DC06729F144850018C5CD /* EntryDetailView.swift */; };
		823DC06B29F83CEF0018C5CD /* AchievementTests.swift in Sources */ = {isa = PBXBuildFile; fileRef = 823DC06929F83CCB0018C5CD /* AchievementTests.swift */; };
		823DC06D29F83D110018C5CD /* Achievement.swift in Sources */ = {isa = PBXBuildFile; fileRef = 823DC06C29F83D110018C5CD /* Achievement.swift */; };
		824E4BDF29DDB35800C1AAA8 /* PosiDailyApp.swift in Sources */ = {isa = PBXBuildFile; fileRef = 824E4BDE29DDB35800C1AAA8 /* PosiDailyApp.swift */; };
		824E4BE329DDB35A00C1AAA8 /* Assets.xcassets in Resources */ = {isa = PBXBuildFile; fileRef = 824E4BE229DDB35A00C1AAA8 /* Assets.xcassets */; };
		824E4BE629DDB35A00C1AAA8 /* Preview Assets.xcassets in Resources */ = {isa = PBXBuildFile; fileRef = 824E4BE529DDB35A00C1AAA8 /* Preview Assets.xcassets */; };
		824E4BF129DDB3B500C1AAA8 /* Main.swift in Sources */ = {isa = PBXBuildFile; fileRef = 824E4BF029DDB3B500C1AAA8 /* Main.swift */; };
		824E4BF429DEAF4700C1AAA8 /* Entry.swift in Sources */ = {isa = PBXBuildFile; fileRef = 824E4BF329DEAF4700C1AAA8 /* Entry.swift */; };
		824E4C0529DEB25F00C1AAA8 /* EntryFormView.swift in Sources */ = {isa = PBXBuildFile; fileRef = 824E4C0429DEB25F00C1AAA8 /* EntryFormView.swift */; };
		824E4C0729DEB29D00C1AAA8 /* EntryStorage.swift in Sources */ = {isa = PBXBuildFile; fileRef = 824E4C0629DEB29D00C1AAA8 /* EntryStorage.swift */; };
		824E4C0F29DEB74500C1AAA8 /* PosiDailyNewTests.swift in Sources */ = {isa = PBXBuildFile; fileRef = 824E4C0E29DEB74500C1AAA8 /* PosiDailyNewTests.swift */; };
		824E4C4029DEF76500C1AAA8 /* EntryFormViewModel.swift in Sources */ = {isa = PBXBuildFile; fileRef = 824E4C3F29DEF76400C1AAA8 /* EntryFormViewModel.swift */; };
		824E4C4229DEF79E00C1AAA8 /* EntryStorageTests.swift in Sources */ = {isa = PBXBuildFile; fileRef = 824E4C4129DEF79E00C1AAA8 /* EntryStorageTests.swift */; };
		824E4C4429DEF7F900C1AAA8 /* EntryFormViewModelTests.swift in Sources */ = {isa = PBXBuildFile; fileRef = 824E4C4329DEF7F900C1AAA8 /* EntryFormViewModelTests.swift */; };
/* End PBXBuildFile section */

/* Begin PBXContainerItemProxy section */
		824E4BFD29DEAF8300C1AAA8 /* PBXContainerItemProxy */ = {
			isa = PBXContainerItemProxy;
			containerPortal = 824E4BD329DDB35800C1AAA8 /* Project object */;
			proxyType = 1;
			remoteGlobalIDString = 824E4BDA29DDB35800C1AAA8;
			remoteInfo = PosiDaily;
		};
		824E4C1029DEB74500C1AAA8 /* PBXContainerItemProxy */ = {
			isa = PBXContainerItemProxy;
			containerPortal = 824E4BD329DDB35800C1AAA8 /* Project object */;
			proxyType = 1;
			remoteGlobalIDString = 824E4BDA29DDB35800C1AAA8;
			remoteInfo = PosiDaily;
		};
/* End PBXContainerItemProxy section */

/* Begin PBXFileReference section */
		823DC06129F143070018C5CD /* EntryHistoryViewModelTests.swift */ = {isa = PBXFileReference; lastKnownFileType = sourcecode.swift; path = EntryHistoryViewModelTests.swift; sourceTree = "<group>"; };
		823DC06329F144070018C5CD /* EntryHistoryViewModel.swift */ = {isa = PBXFileReference; lastKnownFileType = sourcecode.swift; path = EntryHistoryViewModel.swift; sourceTree = "<group>"; };
		823DC06529F144590018C5CD /* EntryHistoryView.swift */ = {isa = PBXFileReference; lastKnownFileType = sourcecode.swift; path = EntryHistoryView.swift; sourceTree = "<group>"; };
		823DC06729F144850018C5CD /* EntryDetailView.swift */ = {isa = PBXFileReference; lastKnownFileType = sourcecode.swift; path = EntryDetailView.swift; sourceTree = "<group>"; };
		823DC06929F83CCB0018C5CD /* AchievementTests.swift */ = {isa = PBXFileReference; lastKnownFileType = sourcecode.swift; path = AchievementTests.swift; sourceTree = "<group>"; };
		823DC06C29F83D110018C5CD /* Achievement.swift */ = {isa = PBXFileReference; lastKnownFileType = sourcecode.swift; path = Achievement.swift; sourceTree = "<group>"; };
		824E4BDB29DDB35800C1AAA8 /* PosiDaily.app */ = {isa = PBXFileReference; explicitFileType = wrapper.application; includeInIndex = 0; path = PosiDaily.app; sourceTree = BUILT_PRODUCTS_DIR; };
		824E4BDE29DDB35800C1AAA8 /* PosiDailyApp.swift */ = {isa = PBXFileReference; lastKnownFileType = sourcecode.swift; path = PosiDailyApp.swift; sourceTree = "<group>"; };
		824E4BE229DDB35A00C1AAA8 /* Assets.xcassets */ = {isa = PBXFileReference; lastKnownFileType = folder.assetcatalog; path = Assets.xcassets; sourceTree = "<group>"; };
		824E4BE529DDB35A00C1AAA8 /* Preview Assets.xcassets */ = {isa = PBXFileReference; lastKnownFileType = folder.assetcatalog; path = "Preview Assets.xcassets"; sourceTree = "<group>"; };
		824E4BF029DDB3B500C1AAA8 /* Main.swift */ = {isa = PBXFileReference; lastKnownFileType = sourcecode.swift; path = Main.swift; sourceTree = "<group>"; };
		824E4BF329DEAF4700C1AAA8 /* Entry.swift */ = {isa = PBXFileReference; lastKnownFileType = sourcecode.swift; path = Entry.swift; sourceTree = "<group>"; };
		824E4BF929DEAF8300C1AAA8 /* PosiDailyTests.xctest */ = {isa = PBXFileReference; explicitFileType = wrapper.cfbundle; includeInIndex = 0; path = PosiDailyTests.xctest; sourceTree = BUILT_PRODUCTS_DIR; };
		824E4C0429DEB25F00C1AAA8 /* EntryFormView.swift */ = {isa = PBXFileReference; lastKnownFileType = sourcecode.swift; path = EntryFormView.swift; sourceTree = "<group>"; };
		824E4C0629DEB29D00C1AAA8 /* EntryStorage.swift */ = {isa = PBXFileReference; lastKnownFileType = sourcecode.swift; path = EntryStorage.swift; sourceTree = "<group>"; };
		824E4C0C29DEB74500C1AAA8 /* PosiDailyNewTests.xctest */ = {isa = PBXFileReference; explicitFileType = wrapper.cfbundle; includeInIndex = 0; path = PosiDailyNewTests.xctest; sourceTree = BUILT_PRODUCTS_DIR; };
		824E4C0E29DEB74500C1AAA8 /* PosiDailyNewTests.swift */ = {isa = PBXFileReference; lastKnownFileType = sourcecode.swift; path = PosiDailyNewTests.swift; sourceTree = "<group>"; };
		824E4C3E29DEB9C200C1AAA8 /* PosiDaily.xctestplan */ = {isa = PBXFileReference; lastKnownFileType = text; path = PosiDaily.xctestplan; sourceTree = "<group>"; };
		824E4C3F29DEF76400C1AAA8 /* EntryFormViewModel.swift */ = {isa = PBXFileReference; lastKnownFileType = sourcecode.swift; path = EntryFormViewModel.swift; sourceTree = "<group>"; };
		824E4C4129DEF79E00C1AAA8 /* EntryStorageTests.swift */ = {isa = PBXFileReference; lastKnownFileType = sourcecode.swift; path = EntryStorageTests.swift; sourceTree = "<group>"; };
		824E4C4329DEF7F900C1AAA8 /* EntryFormViewModelTests.swift */ = {isa = PBXFileReference; lastKnownFileType = sourcecode.swift; path = EntryFormViewModelTests.swift; sourceTree = "<group>"; };
/* End PBXFileReference section */

/* Begin PBXFrameworksBuildPhase section */
		824E4BD829DDB35800C1AAA8 /* Frameworks */ = {
			isa = PBXFrameworksBuildPhase;
			buildActionMask = 2147483647;
			files = (
			);
			runOnlyForDeploymentPostprocessing = 0;
		};
		824E4BF629DEAF8300C1AAA8 /* Frameworks */ = {
			isa = PBXFrameworksBuildPhase;
			buildActionMask = 2147483647;
			files = (
			);
			runOnlyForDeploymentPostprocessing = 0;
		};
		824E4C0929DEB74500C1AAA8 /* Frameworks */ = {
			isa = PBXFrameworksBuildPhase;
			buildActionMask = 2147483647;
			files = (
			);
			runOnlyForDeploymentPostprocessing = 0;
		};
/* End PBXFrameworksBuildPhase section */

/* Begin PBXGroup section */
		824E4BD229DDB35800C1AAA8 = {
			isa = PBXGroup;
			children = (
				824E4C3E29DEB9C200C1AAA8 /* PosiDaily.xctestplan */,
				824E4BDD29DDB35800C1AAA8 /* PosiDaily */,
				824E4C0D29DEB74500C1AAA8 /* PosiDailyNewTests */,
				824E4BDC29DDB35800C1AAA8 /* Products */,
			);
			sourceTree = "<group>";
		};
		824E4BDC29DDB35800C1AAA8 /* Products */ = {
			isa = PBXGroup;
			children = (
				824E4BDB29DDB35800C1AAA8 /* PosiDaily.app */,
				824E4BF929DEAF8300C1AAA8 /* PosiDailyTests.xctest */,
				824E4C0C29DEB74500C1AAA8 /* PosiDailyNewTests.xctest */,
			);
			name = Products;
			sourceTree = "<group>";
		};
		824E4BDD29DDB35800C1AAA8 /* PosiDaily */ = {
			isa = PBXGroup;
			children = (
				824E4BF229DEAAF300C1AAA8 /* Models */,
				824E4BEF29DDB39E00C1AAA8 /* Main */,
				824E4BDE29DDB35800C1AAA8 /* PosiDailyApp.swift */,
				824E4BED29DDB38000C1AAA8 /* ViewModels */,
				824E4BEC29DDB37A00C1AAA8 /* Views */,
				824E4BE229DDB35A00C1AAA8 /* Assets.xcassets */,
				824E4BE429DDB35A00C1AAA8 /* Preview Content */,
			);
			path = PosiDaily;
			sourceTree = "<group>";
		};
		824E4BE429DDB35A00C1AAA8 /* Preview Content */ = {
			isa = PBXGroup;
			children = (
				824E4BE529DDB35A00C1AAA8 /* Preview Assets.xcassets */,
			);
			path = "Preview Content";
			sourceTree = "<group>";
		};
		824E4BEC29DDB37A00C1AAA8 /* Views */ = {
			isa = PBXGroup;
			children = (
				824E4C0429DEB25F00C1AAA8 /* EntryFormView.swift */,
				823DC06529F144590018C5CD /* EntryHistoryView.swift */,
				823DC06729F144850018C5CD /* EntryDetailView.swift */,
			);
			path = Views;
			sourceTree = "<group>";
		};
		824E4BED29DDB38000C1AAA8 /* ViewModels */ = {
			isa = PBXGroup;
			children = (
				824E4C3F29DEF76400C1AAA8 /* EntryFormViewModel.swift */,
				823DC06329F144070018C5CD /* EntryHistoryViewModel.swift */,
				824E4BEE29DDB39600C1AAA8 /* Services */,
			);
			path = ViewModels;
			sourceTree = "<group>";
		};
		824E4BEE29DDB39600C1AAA8 /* Services */ = {
			isa = PBXGroup;
			children = (
				824E4C0629DEB29D00C1AAA8 /* EntryStorage.swift */,
			);
			path = Services;
			sourceTree = "<group>";
		};
		824E4BEF29DDB39E00C1AAA8 /* Main */ = {
			isa = PBXGroup;
			children = (
				824E4BF029DDB3B500C1AAA8 /* Main.swift */,
			);
			path = Main;
			sourceTree = "<group>";
		};
		824E4BF229DEAAF300C1AAA8 /* Models */ = {
			isa = PBXGroup;
			children = (
				824E4BF329DEAF4700C1AAA8 /* Entry.swift */,
				823DC06C29F83D110018C5CD /* Achievement.swift */,
			);
			path = Models;
			sourceTree = "<group>";
		};
		824E4C0D29DEB74500C1AAA8 /* PosiDailyNewTests */ = {
			isa = PBXGroup;
			children = (
				824E4C0E29DEB74500C1AAA8 /* PosiDailyNewTests.swift */,
				823DC06929F83CCB0018C5CD /* AchievementTests.swift */,
				824E4C4129DEF79E00C1AAA8 /* EntryStorageTests.swift */,
				824E4C4329DEF7F900C1AAA8 /* EntryFormViewModelTests.swift */,
				823DC06129F143070018C5CD /* EntryHistoryViewModelTests.swift */,
			);
			path = PosiDailyNewTests;
			sourceTree = "<group>";
		};
/* End PBXGroup section */

/* Begin PBXNativeTarget section */
		824E4BDA29DDB35800C1AAA8 /* PosiDaily */ = {
			isa = PBXNativeTarget;
			buildConfigurationList = 824E4BE929DDB35A00C1AAA8 /* Build configuration list for PBXNativeTarget "PosiDaily" */;
			buildPhases = (
				824E4BD729DDB35800C1AAA8 /* Sources */,
				824E4BD829DDB35800C1AAA8 /* Frameworks */,
				824E4BD929DDB35800C1AAA8 /* Resources */,
			);
			buildRules = (
			);
			dependencies = (
			);
			name = PosiDaily;
			productName = PosiDaily;
			productReference = 824E4BDB29DDB35800C1AAA8 /* PosiDaily.app */;
			productType = "com.apple.product-type.application";
		};
		824E4BF829DEAF8300C1AAA8 /* PosiDailyTests */ = {
			isa = PBXNativeTarget;
			buildConfigurationList = 824E4BFF29DEAF8300C1AAA8 /* Build configuration list for PBXNativeTarget "PosiDailyTests" */;
			buildPhases = (
				824E4BF529DEAF8300C1AAA8 /* Sources */,
				824E4BF629DEAF8300C1AAA8 /* Frameworks */,
				824E4BF729DEAF8300C1AAA8 /* Resources */,
			);
			buildRules = (
			);
			dependencies = (
				824E4BFE29DEAF8300C1AAA8 /* PBXTargetDependency */,
			);
			name = PosiDailyTests;
			productName = PosiDailyTests;
			productReference = 824E4BF929DEAF8300C1AAA8 /* PosiDailyTests.xctest */;
			productType = "com.apple.product-type.bundle.unit-test";
		};
		824E4C0B29DEB74500C1AAA8 /* PosiDailyNewTests */ = {
			isa = PBXNativeTarget;
			buildConfigurationList = 824E4C1229DEB74500C1AAA8 /* Build configuration list for PBXNativeTarget "PosiDailyNewTests" */;
			buildPhases = (
				824E4C0829DEB74500C1AAA8 /* Sources */,
				824E4C0929DEB74500C1AAA8 /* Frameworks */,
				824E4C0A29DEB74500C1AAA8 /* Resources */,
			);
			buildRules = (
			);
			dependencies = (
				824E4C1129DEB74500C1AAA8 /* PBXTargetDependency */,
			);
			name = PosiDailyNewTests;
			productName = PosiDailyNewTests;
			productReference = 824E4C0C29DEB74500C1AAA8 /* PosiDailyNewTests.xctest */;
			productType = "com.apple.product-type.bundle.unit-test";
		};
/* End PBXNativeTarget section */

/* Begin PBXProject section */
		824E4BD329DDB35800C1AAA8 /* Project object */ = {
			isa = PBXProject;
			attributes = {
				BuildIndependentTargetsInParallel = 1;
				LastSwiftUpdateCheck = 1430;
				LastUpgradeCheck = 1430;
				TargetAttributes = {
					824E4BDA29DDB35800C1AAA8 = {
						CreatedOnToolsVersion = 14.3;
					};
					824E4BF829DEAF8300C1AAA8 = {
						CreatedOnToolsVersion = 14.3;
						TestTargetID = 824E4BDA29DDB35800C1AAA8;
					};
					824E4C0B29DEB74500C1AAA8 = {
						CreatedOnToolsVersion = 14.3;
						TestTargetID = 824E4BDA29DDB35800C1AAA8;
					};
				};
			};
			buildConfigurationList = 824E4BD629DDB35800C1AAA8 /* Build configuration list for PBXProject "PosiDaily" */;
			compatibilityVersion = "Xcode 14.0";
			developmentRegion = en;
			hasScannedForEncodings = 0;
			knownRegions = (
				en,
				Base,
			);
			mainGroup = 824E4BD229DDB35800C1AAA8;
			productRefGroup = 824E4BDC29DDB35800C1AAA8 /* Products */;
			projectDirPath = "";
			projectRoot = "";
			targets = (
				824E4BDA29DDB35800C1AAA8 /* PosiDaily */,
				824E4BF829DEAF8300C1AAA8 /* PosiDailyTests */,
				824E4C0B29DEB74500C1AAA8 /* PosiDailyNewTests */,
			);
		};
/* End PBXProject section */

/* Begin PBXResourcesBuildPhase section */
		824E4BD929DDB35800C1AAA8 /* Resources */ = {
			isa = PBXResourcesBuildPhase;
			buildActionMask = 2147483647;
			files = (
				824E4BE629DDB35A00C1AAA8 /* Preview Assets.xcassets in Resources */,
				824E4BE329DDB35A00C1AAA8 /* Assets.xcassets in Resources */,
			);
			runOnlyForDeploymentPostprocessing = 0;
		};
		824E4BF729DEAF8300C1AAA8 /* Resources */ = {
			isa = PBXResourcesBuildPhase;
			buildActionMask = 2147483647;
			files = (
			);
			runOnlyForDeploymentPostprocessing = 0;
		};
		824E4C0A29DEB74500C1AAA8 /* Resources */ = {
			isa = PBXResourcesBuildPhase;
			buildActionMask = 2147483647;
			files = (
			);
			runOnlyForDeploymentPostprocessing = 0;
		};
/* End PBXResourcesBuildPhase section */

/* Begin PBXSourcesBuildPhase section */
		824E4BD729DDB35800C1AAA8 /* Sources */ = {
			isa = PBXSourcesBuildPhase;
			buildActionMask = 2147483647;
			files = (
				823DC06629F144590018C5CD /* EntryHistoryView.swift in Sources */,
				824E4BF429DEAF4700C1AAA8 /* Entry.swift in Sources */,
				824E4C4029DEF76500C1AAA8 /* EntryFormViewModel.swift in Sources */,
				824E4BF129DDB3B500C1AAA8 /* Main.swift in Sources */,
				824E4BDF29DDB35800C1AAA8 /* PosiDailyApp.swift in Sources */,
				824E4C0729DEB29D00C1AAA8 /* EntryStorage.swift in Sources */,
				823DC06829F144850018C5CD /* EntryDetailView.swift in Sources */,
				824E4C0529DEB25F00C1AAA8 /* EntryFormView.swift in Sources */,
				823DC06429F144070018C5CD /* EntryHistoryViewModel.swift in Sources */,
				823DC06D29F83D110018C5CD /* Achievement.swift in Sources */,
			);
			runOnlyForDeploymentPostprocessing = 0;
		};
		824E4BF529DEAF8300C1AAA8 /* Sources */ = {
			isa = PBXSourcesBuildPhase;
			buildActionMask = 2147483647;
			files = (
			);
			runOnlyForDeploymentPostprocessing = 0;
		};
		824E4C0829DEB74500C1AAA8 /* Sources */ = {
			isa = PBXSourcesBuildPhase;
			buildActionMask = 2147483647;
			files = (
				823DC06229F143070018C5CD /* EntryHistoryViewModelTests.swift in Sources */,
				823DC06B29F83CEF0018C5CD /* AchievementTests.swift in Sources */,
				824E4C4429DEF7F900C1AAA8 /* EntryFormViewModelTests.swift in Sources */,
				824E4C4229DEF79E00C1AAA8 /* EntryStorageTests.swift in Sources */,
				824E4C0F29DEB74500C1AAA8 /* PosiDailyNewTests.swift in Sources */,
			);
			runOnlyForDeploymentPostprocessing = 0;
		};
/* End PBXSourcesBuildPhase section */

/* Begin PBXTargetDependency section */
		824E4BFE29DEAF8300C1AAA8 /* PBXTargetDependency */ = {
			isa = PBXTargetDependency;
			target = 824E4BDA29DDB35800C1AAA8 /* PosiDaily */;
			targetProxy = 824E4BFD29DEAF8300C1AAA8 /* PBXContainerItemProxy */;
		};
		824E4C1129DEB74500C1AAA8 /* PBXTargetDependency */ = {
			isa = PBXTargetDependency;
			target = 824E4BDA29DDB35800C1AAA8 /* PosiDaily */;
			targetProxy = 824E4C1029DEB74500C1AAA8 /* PBXContainerItemProxy */;
		};
/* End PBXTargetDependency section */

/* Begin XCBuildConfiguration section */
		824E4BE729DDB35A00C1AAA8 /* Debug */ = {
			isa = XCBuildConfiguration;
			buildSettings = {
				ALWAYS_SEARCH_USER_PATHS = NO;
				CLANG_ANALYZER_NONNULL = YES;
				CLANG_ANALYZER_NUMBER_OBJECT_CONVERSION = YES_AGGRESSIVE;
				CLANG_CXX_LANGUAGE_STANDARD = "gnu++20";
				CLANG_ENABLE_MODULES = YES;
				CLANG_ENABLE_OBJC_ARC = YES;
				CLANG_ENABLE_OBJC_WEAK = YES;
				CLANG_WARN_BLOCK_CAPTURE_AUTORELEASING = YES;
				CLANG_WARN_BOOL_CONVERSION = YES;
				CLANG_WARN_COMMA = YES;
				CLANG_WARN_CONSTANT_CONVERSION = YES;
				CLANG_WARN_DEPRECATED_OBJC_IMPLEMENTATIONS = YES;
				CLANG_WARN_DIRECT_OBJC_ISA_USAGE = YES_ERROR;
				CLANG_WARN_DOCUMENTATION_COMMENTS = YES;
				CLANG_WARN_EMPTY_BODY = YES;
				CLANG_WARN_ENUM_CONVERSION = YES;
				CLANG_WARN_INFINITE_RECURSION = YES;
				CLANG_WARN_INT_CONVERSION = YES;
				CLANG_WARN_NON_LITERAL_NULL_CONVERSION = YES;
				CLANG_WARN_OBJC_IMPLICIT_RETAIN_SELF = YES;
				CLANG_WARN_OBJC_LITERAL_CONVERSION = YES;
				CLANG_WARN_OBJC_ROOT_CLASS = YES_ERROR;
				CLANG_WARN_QUOTED_INCLUDE_IN_FRAMEWORK_HEADER = YES;
				CLANG_WARN_RANGE_LOOP_ANALYSIS = YES;
				CLANG_WARN_STRICT_PROTOTYPES = YES;
				CLANG_WARN_SUSPICIOUS_MOVE = YES;
				CLANG_WARN_UNGUARDED_AVAILABILITY = YES_AGGRESSIVE;
				CLANG_WARN_UNREACHABLE_CODE = YES;
				CLANG_WARN__DUPLICATE_METHOD_MATCH = YES;
				COPY_PHASE_STRIP = NO;
				DEBUG_INFORMATION_FORMAT = dwarf;
				ENABLE_STRICT_OBJC_MSGSEND = YES;
				ENABLE_TESTABILITY = YES;
				GCC_C_LANGUAGE_STANDARD = gnu11;
				GCC_DYNAMIC_NO_PIC = NO;
				GCC_NO_COMMON_BLOCKS = YES;
				GCC_OPTIMIZATION_LEVEL = 0;
				GCC_PREPROCESSOR_DEFINITIONS = (
					"DEBUG=1",
					"$(inherited)",
				);
				GCC_WARN_64_TO_32_BIT_CONVERSION = YES;
				GCC_WARN_ABOUT_RETURN_TYPE = YES_ERROR;
				GCC_WARN_UNDECLARED_SELECTOR = YES;
				GCC_WARN_UNINITIALIZED_AUTOS = YES_AGGRESSIVE;
				GCC_WARN_UNUSED_FUNCTION = YES;
				GCC_WARN_UNUSED_VARIABLE = YES;
				IPHONEOS_DEPLOYMENT_TARGET = 16.4;
				MTL_ENABLE_DEBUG_INFO = INCLUDE_SOURCE;
				MTL_FAST_MATH = YES;
				ONLY_ACTIVE_ARCH = YES;
				SDKROOT = iphoneos;
				SWIFT_ACTIVE_COMPILATION_CONDITIONS = DEBUG;
				SWIFT_OPTIMIZATION_LEVEL = "-Onone";
			};
			name = Debug;
		};
		824E4BE829DDB35A00C1AAA8 /* Release */ = {
			isa = XCBuildConfiguration;
			buildSettings = {
				ALWAYS_SEARCH_USER_PATHS = NO;
				CLANG_ANALYZER_NONNULL = YES;
				CLANG_ANALYZER_NUMBER_OBJECT_CONVERSION = YES_AGGRESSIVE;
				CLANG_CXX_LANGUAGE_STANDARD = "gnu++20";
				CLANG_ENABLE_MODULES = YES;
				CLANG_ENABLE_OBJC_ARC = YES;
				CLANG_ENABLE_OBJC_WEAK = YES;
				CLANG_WARN_BLOCK_CAPTURE_AUTORELEASING = YES;
				CLANG_WARN_BOOL_CONVERSION = YES;
				CLANG_WARN_COMMA = YES;
				CLANG_WARN_CONSTANT_CONVERSION = YES;
				CLANG_WARN_DEPRECATED_OBJC_IMPLEMENTATIONS = YES;
				CLANG_WARN_DIRECT_OBJC_ISA_USAGE = YES_ERROR;
				CLANG_WARN_DOCUMENTATION_COMMENTS = YES;
				CLANG_WARN_EMPTY_BODY = YES;
				CLANG_WARN_ENUM_CONVERSION = YES;
				CLANG_WARN_INFINITE_RECURSION = YES;
				CLANG_WARN_INT_CONVERSION = YES;
				CLANG_WARN_NON_LITERAL_NULL_CONVERSION = YES;
				CLANG_WARN_OBJC_IMPLICIT_RETAIN_SELF = YES;
				CLANG_WARN_OBJC_LITERAL_CONVERSION = YES;
				CLANG_WARN_OBJC_ROOT_CLASS = YES_ERROR;
				CLANG_WARN_QUOTED_INCLUDE_IN_FRAMEWORK_HEADER = YES;
				CLANG_WARN_RANGE_LOOP_ANALYSIS = YES;
				CLANG_WARN_STRICT_PROTOTYPES = YES;
				CLANG_WARN_SUSPICIOUS_MOVE = YES;
				CLANG_WARN_UNGUARDED_AVAILABILITY = YES_AGGRESSIVE;
				CLANG_WARN_UNREACHABLE_CODE = YES;
				CLANG_WARN__DUPLICATE_METHOD_MATCH = YES;
				COPY_PHASE_STRIP = NO;
				DEBUG_INFORMATION_FORMAT = "dwarf-with-dsym";
				ENABLE_NS_ASSERTIONS = NO;
				ENABLE_STRICT_OBJC_MSGSEND = YES;
				GCC_C_LANGUAGE_STANDARD = gnu11;
				GCC_NO_COMMON_BLOCKS = YES;
				GCC_WARN_64_TO_32_BIT_CONVERSION = YES;
				GCC_WARN_ABOUT_RETURN_TYPE = YES_ERROR;
				GCC_WARN_UNDECLARED_SELECTOR = YES;
				GCC_WARN_UNINITIALIZED_AUTOS = YES_AGGRESSIVE;
				GCC_WARN_UNUSED_FUNCTION = YES;
				GCC_WARN_UNUSED_VARIABLE = YES;
				IPHONEOS_DEPLOYMENT_TARGET = 16.4;
				MTL_ENABLE_DEBUG_INFO = NO;
				MTL_FAST_MATH = YES;
				SDKROOT = iphoneos;
				SWIFT_COMPILATION_MODE = wholemodule;
				SWIFT_OPTIMIZATION_LEVEL = "-O";
				VALIDATE_PRODUCT = YES;
			};
			name = Release;
		};
		824E4BEA29DDB35A00C1AAA8 /* Debug */ = {
			isa = XCBuildConfiguration;
			buildSettings = {
				ASSETCATALOG_COMPILER_APPICON_NAME = AppIcon;
				ASSETCATALOG_COMPILER_GLOBAL_ACCENT_COLOR_NAME = AccentColor;
				CODE_SIGN_STYLE = Automatic;
				CURRENT_PROJECT_VERSION = 1;
				DEVELOPMENT_ASSET_PATHS = "\"PosiDaily/Preview Content\"";
				DEVELOPMENT_TEAM = UMQAGMF379;
				ENABLE_PREVIEWS = YES;
				GENERATE_INFOPLIST_FILE = YES;
				INFOPLIST_KEY_UIApplicationSceneManifest_Generation = YES;
				INFOPLIST_KEY_UIApplicationSupportsIndirectInputEvents = YES;
				INFOPLIST_KEY_UILaunchScreen_Generation = YES;
				INFOPLIST_KEY_UISupportedInterfaceOrientations_iPad = "UIInterfaceOrientationPortrait UIInterfaceOrientationPortraitUpsideDown UIInterfaceOrientationLandscapeLeft UIInterfaceOrientationLandscapeRight";
				INFOPLIST_KEY_UISupportedInterfaceOrientations_iPhone = "UIInterfaceOrientationPortrait UIInterfaceOrientationLandscapeLeft UIInterfaceOrientationLandscapeRight";
				LD_RUNPATH_SEARCH_PATHS = (
					"$(inherited)",
					"@executable_path/Frameworks",
				);
				MARKETING_VERSION = 1.0;
				PRODUCT_BUNDLE_IDENTIFIER = com.IssapTechnologies.PosiDaily;
				PRODUCT_NAME = "$(TARGET_NAME)";
				SWIFT_EMIT_LOC_STRINGS = YES;
				SWIFT_VERSION = 5.0;
				TARGETED_DEVICE_FAMILY = "1,2";
			};
			name = Debug;
		};
		824E4BEB29DDB35A00C1AAA8 /* Release */ = {
			isa = XCBuildConfiguration;
			buildSettings = {
				ASSETCATALOG_COMPILER_APPICON_NAME = AppIcon;
				ASSETCATALOG_COMPILER_GLOBAL_ACCENT_COLOR_NAME = AccentColor;
				CODE_SIGN_STYLE = Automatic;
				CURRENT_PROJECT_VERSION = 1;
				DEVELOPMENT_ASSET_PATHS = "\"PosiDaily/Preview Content\"";
				DEVELOPMENT_TEAM = UMQAGMF379;
				ENABLE_PREVIEWS = YES;
				GENERATE_INFOPLIST_FILE = YES;
				INFOPLIST_KEY_UIApplicationSceneManifest_Generation = YES;
				INFOPLIST_KEY_UIApplicationSupportsIndirectInputEvents = YES;
				INFOPLIST_KEY_UILaunchScreen_Generation = YES;
				INFOPLIST_KEY_UISupportedInterfaceOrientations_iPad = "UIInterfaceOrientationPortrait UIInterfaceOrientationPortraitUpsideDown UIInterfaceOrientationLandscapeLeft UIInterfaceOrientationLandscapeRight";
				INFOPLIST_KEY_UISupportedInterfaceOrientations_iPhone = "UIInterfaceOrientationPortrait UIInterfaceOrientationLandscapeLeft UIInterfaceOrientationLandscapeRight";
				LD_RUNPATH_SEARCH_PATHS = (
					"$(inherited)",
					"@executable_path/Frameworks",
				);
				MARKETING_VERSION = 1.0;
				PRODUCT_BUNDLE_IDENTIFIER = com.IssapTechnologies.PosiDaily;
				PRODUCT_NAME = "$(TARGET_NAME)";
				SWIFT_EMIT_LOC_STRINGS = YES;
				SWIFT_VERSION = 5.0;
				TARGETED_DEVICE_FAMILY = "1,2";
			};
			name = Release;
		};
		824E4C0029DEAF8300C1AAA8 /* Debug */ = {
			isa = XCBuildConfiguration;
			buildSettings = {
				BUNDLE_LOADER = "$(TEST_HOST)";
				CODE_SIGN_STYLE = Automatic;
				CURRENT_PROJECT_VERSION = 1;
				DEVELOPMENT_TEAM = UMQAGMF379;
				GENERATE_INFOPLIST_FILE = YES;
				MARKETING_VERSION = 1.0;
				PRODUCT_BUNDLE_IDENTIFIER = com.IssapTechnologies.PosiDailyTests;
				PRODUCT_NAME = "$(TARGET_NAME)";
				SWIFT_EMIT_LOC_STRINGS = NO;
				SWIFT_VERSION = 5.0;
				TARGETED_DEVICE_FAMILY = "1,2";
				TEST_HOST = "$(BUILT_PRODUCTS_DIR)/PosiDaily.app/$(BUNDLE_EXECUTABLE_FOLDER_PATH)/PosiDaily";
			};
			name = Debug;
		};
		824E4C0129DEAF8300C1AAA8 /* Release */ = {
			isa = XCBuildConfiguration;
			buildSettings = {
				BUNDLE_LOADER = "$(TEST_HOST)";
				CODE_SIGN_STYLE = Automatic;
				CURRENT_PROJECT_VERSION = 1;
				DEVELOPMENT_TEAM = UMQAGMF379;
				GENERATE_INFOPLIST_FILE = YES;
				MARKETING_VERSION = 1.0;
				PRODUCT_BUNDLE_IDENTIFIER = com.IssapTechnologies.PosiDailyTests;
				PRODUCT_NAME = "$(TARGET_NAME)";
				SWIFT_EMIT_LOC_STRINGS = NO;
				SWIFT_VERSION = 5.0;
				TARGETED_DEVICE_FAMILY = "1,2";
				TEST_HOST = "$(BUILT_PRODUCTS_DIR)/PosiDaily.app/$(BUNDLE_EXECUTABLE_FOLDER_PATH)/PosiDaily";
			};
			name = Release;
		};
		824E4C1329DEB74500C1AAA8 /* Debug */ = {
			isa = XCBuildConfiguration;
			buildSettings = {
				BUNDLE_LOADER = "$(TEST_HOST)";
				CODE_SIGN_STYLE = Automatic;
				CURRENT_PROJECT_VERSION = 1;
				DEVELOPMENT_TEAM = UMQAGMF379;
				GENERATE_INFOPLIST_FILE = YES;
				MARKETING_VERSION = 1.0;
				PRODUCT_BUNDLE_IDENTIFIER = com.IssapTechnologies.PosiDailyNewTests;
				PRODUCT_NAME = "$(TARGET_NAME)";
				SWIFT_EMIT_LOC_STRINGS = NO;
				SWIFT_VERSION = 5.0;
				TARGETED_DEVICE_FAMILY = "1,2";
				TEST_HOST = "$(BUILT_PRODUCTS_DIR)/PosiDaily.app/$(BUNDLE_EXECUTABLE_FOLDER_PATH)/PosiDaily";
			};
			name = Debug;
		};
		824E4C1429DEB74500C1AAA8 /* Release */ = {
			isa = XCBuildConfiguration;
			buildSettings = {
				BUNDLE_LOADER = "$(TEST_HOST)";
				CODE_SIGN_STYLE = Automatic;
				CURRENT_PROJECT_VERSION = 1;
				DEVELOPMENT_TEAM = UMQAGMF379;
				GENERATE_INFOPLIST_FILE = YES;
				MARKETING_VERSION = 1.0;
				PRODUCT_BUNDLE_IDENTIFIER = com.IssapTechnologies.PosiDailyNewTests;
				PRODUCT_NAME = "$(TARGET_NAME)";
				SWIFT_EMIT_LOC_STRINGS = NO;
				SWIFT_VERSION = 5.0;
				TARGETED_DEVICE_FAMILY = "1,2";
				TEST_HOST = "$(BUILT_PRODUCTS_DIR)/PosiDaily.app/$(BUNDLE_EXECUTABLE_FOLDER_PATH)/PosiDaily";
			};
			name = Release;
		};
/* End XCBuildConfiguration section */

/* Begin XCConfigurationList section */
		824E4BD629DDB35800C1AAA8 /* Build configuration list for PBXProject "PosiDaily" */ = {
			isa = XCConfigurationList;
			buildConfigurations = (
				824E4BE729DDB35A00C1AAA8 /* Debug */,
				824E4BE829DDB35A00C1AAA8 /* Release */,
			);
			defaultConfigurationIsVisible = 0;
			defaultConfigurationName = Release;
		};
		824E4BE929DDB35A00C1AAA8 /* Build configuration list for PBXNativeTarget "PosiDaily" */ = {
			isa = XCConfigurationList;
			buildConfigurations = (
				824E4BEA29DDB35A00C1AAA8 /* Debug */,
				824E4BEB29DDB35A00C1AAA8 /* Release */,
			);
			defaultConfigurationIsVisible = 0;
			defaultConfigurationName = Release;
		};
		824E4BFF29DEAF8300C1AAA8 /* Build configuration list for PBXNativeTarget "PosiDailyTests" */ = {
			isa = XCConfigurationList;
			buildConfigurations = (
				824E4C0029DEAF8300C1AAA8 /* Debug */,
				824E4C0129DEAF8300C1AAA8 /* Release */,
			);
			defaultConfigurationIsVisible = 0;
			defaultConfigurationName = Release;
		};
		824E4C1229DEB74500C1AAA8 /* Build configuration list for PBXNativeTarget "PosiDailyNewTests" */ = {
			isa = XCConfigurationList;
			buildConfigurations = (
				824E4C1329DEB74500C1AAA8 /* Debug */,
				824E4C1429DEB74500C1AAA8 /* Release */,
			);
			defaultConfigurationIsVisible = 0;
			defaultConfigurationName = Release;
		};
/* End XCConfigurationList section */
	};
	rootObject = 824E4BD329DDB35800C1AAA8 /* Project object */;
}
